
Microsoft Visual Studio Solution File, Format Version 12.00
# Visual Studio 15
VisualStudioVersion = 15.0.28307.168
MinimumVisualStudioVersion = 10.0.40219.1
Project("{FAE04EC0-301F-11D3-BF4B-00C04F79EFBC}") = "Challenge001", "Challenge001\Challenge001.csproj", "{7C122182-6125-4E1E-8016-5AA44D1E98F5}"
EndProject
Project("{FAE04EC0-301F-11D3-BF4B-00C04F79EFBC}") = "Challenge002", "Challenge002\Challenge002.csproj", "{8684F369-0906-4B20-871A-2365A2AD54ED}"
EndProject
Project("{FAE04EC0-301F-11D3-BF4B-00C04F79EFBC}") = "Challenge003", "Challenge003\Challenge003.csproj", "{2BA98FE5-4438-4C45-9F67-58A2651D6ACC}"
EndProject
Project("{FAE04EC0-301F-11D3-BF4B-00C04F79EFBC}") = "Challenge004", "Challenge004\Challenge004.csproj", "{9C644384-D0FA-41AD-BAE8-333DBB09AA0B}"
EndProject
Global
	GlobalSection(SolutionConfigurationPlatforms) = preSolution
		Debug|Any CPU = Debug|Any CPU
		Release|Any CPU = Release|Any CPU
	EndGlobalSection
	GlobalSection(ProjectConfigurationPlatforms) = postSolution
		{7C122182-6125-4E1E-8016-5AA44D1E98F5}.Debug|Any CPU.ActiveCfg = Debug|Any CPU
		{7C122182-6125-4E1E-8016-5AA44D1E98F5}.Debug|Any CPU.Build.0 = Debug|Any CPU
		{7C122182-6125-4E1E-8016-5AA44D1E98F5}.Release|Any CPU.ActiveCfg = Release|Any CPU
		{7C122182-6125-4E1E-8016-5AA44D1E98F5}.Release|Any CPU.Build.0 = Release|Any CPU
		{8684F369-0906-4B20-871A-2365A2AD54ED}.Debug|Any CPU.ActiveCfg = Debug|Any CPU
		{8684F369-0906-4B20-871A-2365A2AD54ED}.Debug|Any CPU.Build.0 = Debug|Any CPU
		{8684F369-0906-4B20-871A-2365A2AD54ED}.Release|Any CPU.ActiveCfg = Release|Any CPU
		{8684F369-0906-4B20-871A-2365A2AD54ED}.Release|Any CPU.Build.0 = Release|Any CPU
		{2BA98FE5-4438-4C45-9F67-58A2651D6ACC}.Debug|Any CPU.ActiveCfg = Debug|Any CPU
		{2BA98FE5-4438-4C45-9F67-58A2651D6ACC}.Debug|Any CPU.Build.0 = Debug|Any CPU
		{2BA98FE5-4438-4C45-9F67-58A2651D6ACC}.Release|Any CPU.ActiveCfg = Release|Any CPU
		{2BA98FE5-4438-4C45-9F67-58A2651D6ACC}.Release|Any CPU.Build.0 = Release|Any CPU
		{9C644384-D0FA-41AD-BAE8-333DBB09AA0B}.Debug|Any CPU.ActiveCfg = Debug|Any CPU
		{9C644384-D0FA-41AD-BAE8-333DBB09AA0B}.Debug|Any CPU.Build.0 = Debug|Any CPU
		{9C644384-D0FA-41AD-BAE8-333DBB09AA0B}.Release|Any CPU.ActiveCfg = Release|Any CPU
		{9C644384-D0FA-41AD-BAE8-333DBB09AA0B}.Release|Any CPU.Build.0 = Release|Any CPU
	EndGlobalSection
	GlobalSection(SolutionProperties) = preSolution
		HideSolutionNode = FALSE
	EndGlobalSection
	GlobalSection(ExtensibilityGlobals) = postSolution
		SolutionGuid = {10E5943C-E7CD-478B-ABC3-01AF6581F0C3}
	EndGlobalSection
EndGlobal
